
Microsoft Visual Studio Solution File, Format Version 12.00
# Visual Studio Version 16
VisualStudioVersion = 16.0.31424.327
MinimumVisualStudioVersion = 10.0.40219.1
Project("{FAE04EC0-301F-11D3-BF4B-00C04F79EFBC}") = "ApiCatalogoJogos", "ApiCatalogoJogos\ApiCatalogoJogos.csproj", "{2445342B-FB5A-4736-ACD2-A40713546310}"
EndProject
Global
	GlobalSection(SolutionConfigurationPlatforms) = preSolution
		Debug|Any CPU = Debug|Any CPU
		Release|Any CPU = Release|Any CPU
	EndGlobalSection
	GlobalSection(ProjectConfigurationPlatforms) = postSolution
		{2445342B-FB5A-4736-ACD2-A40713546310}.Debug|Any CPU.ActiveCfg = Debug|Any CPU
		{2445342B-FB5A-4736-ACD2-A40713546310}.Debug|Any CPU.Build.0 = Debug|Any CPU
		{2445342B-FB5A-4736-ACD2-A40713546310}.Release|Any CPU.ActiveCfg = Release|Any CPU
		{2445342B-FB5A-4736-ACD2-A40713546310}.Release|Any CPU.Build.0 = Release|Any CPU
	EndGlobalSection
	GlobalSection(SolutionProperties) = preSolution
		HideSolutionNode = FALSE
	EndGlobalSection
	GlobalSection(ExtensibilityGlobals) = postSolution
		SolutionGuid = {48253F5F-73AB-4AF0-A05A-E7F225B1CF83}
	EndGlobalSection
EndGlobal
